
Microsoft Visual Studio Solution File, Format Version 12.00
# Visual Studio Version 17
VisualStudioVersion = 17.1.32421.90
MinimumVisualStudioVersion = 10.0.40219.1
Project("{FAE04EC0-301F-11D3-BF4B-00C04F79EFBC}") = "HelloWorld", "HelloWorld\HelloWorld.csproj", "{5BF78C4D-1BDF-4C23-8022-40A6B85F38B2}"
EndProject
Global
	GlobalSection(SolutionConfigurationPlatforms) = preSolution
		Debug|Any CPU = Debug|Any CPU
		Release|Any CPU = Release|Any CPU
	EndGlobalSection
	GlobalSection(ProjectConfigurationPlatforms) = postSolution
		{5BF78C4D-1BDF-4C23-8022-40A6B85F38B2}.Debug|Any CPU.ActiveCfg = Debug|Any CPU
		{5BF78C4D-1BDF-4C23-8022-40A6B85F38B2}.Debug|Any CPU.Build.0 = Debug|Any CPU
		{5BF78C4D-1BDF-4C23-8022-40A6B85F38B2}.Release|Any CPU.ActiveCfg = Release|Any CPU
		{5BF78C4D-1BDF-4C23-8022-40A6B85F38B2}.Release|Any CPU.Build.0 = Release|Any CPU
	EndGlobalSection
	GlobalSection(SolutionProperties) = preSolution
		HideSolutionNode = FALSE
	EndGlobalSection
	GlobalSection(ExtensibilityGlobals) = postSolution
		SolutionGuid = {BB0B4640-46AD-4165-96ED-5706CF8E77CD}
	EndGlobalSection
EndGlobal
